<?xml version="1.0" encoding="UTF-8"?>
<CodeBlocks_project_file>
   <FileVersion major="1" minor="6" />
   <Project>
      <Option title="CodeBlocks" />
      <Option pch_mode="2" />
      <Option compiler="gcc" />
      <Option virtualFolders="Yoctopuce;Yoctopuce/yapi;Yoctopuce/yapi/MbedTLS;" />
      <Build>
         <Target title="Debug">
            <Option output="bin/Debug/CodeBlocks" prefix_auto="1" extension_auto="1" />
            <Option object_output="obj/Debug/" />
            <Option type="1" />
            <Option compiler="gcc" />
            <Compiler>
               <Add option="-g" />
            <Add directory="../../../Sources" />
            <Add directory="../../../Sources/yapi/mbedtls/include" />
            <Add directory="../../../Sources/yapi/mbedtls/tf-psa-crypto/core" />
            <Add directory="../../../Sources/yapi/mbedtls/tf-psa-crypto/drivers/builtin/include" />
            <Add directory="../../../Sources/yapi/mbedtls/tf-psa-crypto/drivers/builtin/src" />
            <Add directory="../../../Sources/yapi/mbedtls/tf-psa-crypto/include" />

            </Compiler>
            <Linker>
               <Add library="pthread" />
               <Add library="usb-1.0" />
            </Linker>
         </Target>
         <Target title="Release">
            <Option output="bin/Release/CodeBlocks" prefix_auto="1" extension_auto="1" />
            <Option object_output="obj/Release/" />
            <Option type="1" />
            <Option compiler="gcc" />
            <Compiler>
               <Add option="-O2" />
            <Add directory="../../../Sources" />
            <Add directory="../../../Sources/yapi/mbedtls/include" />
            <Add directory="../../../Sources/yapi/mbedtls/tf-psa-crypto/core" />
            <Add directory="../../../Sources/yapi/mbedtls/tf-psa-crypto/drivers/builtin/include" />
            <Add directory="../../../Sources/yapi/mbedtls/tf-psa-crypto/drivers/builtin/src" />
            <Add directory="../../../Sources/yapi/mbedtls/tf-psa-crypto/include" />

            </Compiler>
            <Linker>
               <Add option="-s" />
               <Add library="pthread" />
               <Add library="usb-1.0" />
            </Linker>
         </Target>
      </Build>
      <Compiler>
         <Add option="-Wall" />
         <Add option="-fexceptions" />
      </Compiler>
      <Unit filename="../main.cpp" />
      <Unit filename="../../../Sources/yocto_anbutton.cpp"></Unit>
         <Option virtualFolder="Yoctopuce" />
      </Unit>
      <Unit filename="../../../Sources/yocto_anbutton.h"></Unit>
         <Option virtualFolder="Yoctopuce" />
      </Unit>
      <Unit filename="../../../Sources/yocto_buzzer.cpp"></Unit>
         <Option virtualFolder="Yoctopuce" />
      </Unit>
      <Unit filename="../../../Sources/yocto_buzzer.h"></Unit>
         <Option virtualFolder="Yoctopuce" />
      </Unit>
      <Unit filename="../../../Sources/yocto_colorledcluster.cpp"></Unit>
         <Option virtualFolder="Yoctopuce" />
      </Unit>
      <Unit filename="../../../Sources/yocto_colorledcluster.h"></Unit>
         <Option virtualFolder="Yoctopuce" />
      </Unit>
      <Unit filename="../../../Sources/yocto_files.cpp"></Unit>
         <Option virtualFolder="Yoctopuce" />
      </Unit>
      <Unit filename="../../../Sources/yocto_files.h"></Unit>
         <Option virtualFolder="Yoctopuce" />
      </Unit>
      <Unit filename="../../../Sources/yocto_rfidreader.cpp"></Unit>
         <Option virtualFolder="Yoctopuce" />
      </Unit>
      <Unit filename="../../../Sources/yocto_rfidreader.h"></Unit>
         <Option virtualFolder="Yoctopuce" />
      </Unit>
      <Unit filename="../../../Sources/yocto_api.cpp"></Unit>
         <Option virtualFolder="Yoctopuce" />
      </Unit>
      <Unit filename="../../../Sources/yocto_api.h"></Unit>
         <Option virtualFolder="Yoctopuce" />
      </Unit>
      <Unit filename="../../../Sources/yapi/yapi.c"></Unit>
         <Option virtualFolder="Yoctopuce/yapi" />
         <Option  compilerVar="CC" />
      </Unit>
      <Unit filename="../../../Sources/yapi/yapi.h"></Unit>
         <Option virtualFolder="Yoctopuce/yapi" />
      </Unit>
      <Unit filename="../../../Sources/yapi/ydef.h"></Unit>
         <Option virtualFolder="Yoctopuce/yapi" />
      </Unit>
      <Unit filename="../../../Sources/yapi/yfifo.c"></Unit>
         <Option virtualFolder="Yoctopuce/yapi" />
         <Option  compilerVar="CC" />
      </Unit>
      <Unit filename="../../../Sources/yapi/yfifo.h"></Unit>
         <Option virtualFolder="Yoctopuce/yapi" />
      </Unit>
      <Unit filename="../../../Sources/yapi/yhash.c"></Unit>
         <Option virtualFolder="Yoctopuce/yapi" />
         <Option  compilerVar="CC" />
      </Unit>
      <Unit filename="../../../Sources/yapi/yhash.h"></Unit>
         <Option virtualFolder="Yoctopuce/yapi" />
      </Unit>
      <Unit filename="../../../Sources/yapi/yjson.c"></Unit>
         <Option virtualFolder="Yoctopuce/yapi" />
         <Option  compilerVar="CC" />
      </Unit>
      <Unit filename="../../../Sources/yapi/yjson.h"></Unit>
         <Option virtualFolder="Yoctopuce/yapi" />
      </Unit>
      <Unit filename="../../../Sources/yapi/ykey.c"></Unit>
         <Option virtualFolder="Yoctopuce/yapi" />
         <Option  compilerVar="CC" />
      </Unit>
      <Unit filename="../../../Sources/yapi/ykey.h"></Unit>
         <Option virtualFolder="Yoctopuce/yapi" />
      </Unit>
      <Unit filename="../../../Sources/yapi/ymemory.c"></Unit>
         <Option virtualFolder="Yoctopuce/yapi" />
         <Option  compilerVar="CC" />
      </Unit>
      <Unit filename="../../../Sources/yapi/ymemory.h"></Unit>
         <Option virtualFolder="Yoctopuce/yapi" />
      </Unit>
      <Unit filename="../../../Sources/yapi/yprog.c"></Unit>
         <Option virtualFolder="Yoctopuce/yapi" />
         <Option  compilerVar="CC" />
      </Unit>
      <Unit filename="../../../Sources/yapi/yprog.h"></Unit>
         <Option virtualFolder="Yoctopuce/yapi" />
      </Unit>
      <Unit filename="../../../Sources/yapi/yproto.h"></Unit>
         <Option virtualFolder="Yoctopuce/yapi" />
      </Unit>
      <Unit filename="../../../Sources/yapi/ystream.c"></Unit>
         <Option virtualFolder="Yoctopuce/yapi" />
         <Option  compilerVar="CC" />
      </Unit>
      <Unit filename="../../../Sources/yapi/ytcp.c"></Unit>
         <Option virtualFolder="Yoctopuce/yapi" />
         <Option  compilerVar="CC" />
      </Unit>
      <Unit filename="../../../Sources/yapi/ytcp.h"></Unit>
         <Option virtualFolder="Yoctopuce/yapi" />
      </Unit>
      <Unit filename="../../../Sources/yapi/ythread.c"></Unit>
         <Option virtualFolder="Yoctopuce/yapi" />
         <Option  compilerVar="CC" />
      </Unit>
      <Unit filename="../../../Sources/yapi/ythread.h"></Unit>
         <Option virtualFolder="Yoctopuce/yapi" />
      </Unit>
      <Unit filename="../../../Sources/yapi/yversion.h"></Unit>
         <Option virtualFolder="Yoctopuce/yapi" />
      </Unit>
      <Unit filename="../../../Sources/yapi/ypkt_lin.c"></Unit>
         <Option virtualFolder="Yoctopuce/yapi" />
         <Option  compilerVar="CC" />
      </Unit>
      <Unit filename="../../../Sources/yapi/ypkt_win.c"></Unit>
         <Option virtualFolder="Yoctopuce/yapi" />
         <Option  compilerVar="CC" />
      </Unit>
      <Unit filename="../../../Sources/yapi/ypkt_osx.c"></Unit>
         <Option virtualFolder="Yoctopuce/yapi" />
         <Option  compilerVar="CC" />
      </Unit>
      <Unit filename="../../../Sources/yapi/yssl.c"></Unit>
         <Option virtualFolder="Yoctopuce/yapi" />
         <Option  compilerVar="CC" />
      </Unit>
      <Unit filename="../../../Sources/yapi/yssl.h"></Unit>
         <Option virtualFolder="Yoctopuce/yapi" />
      </Unit>
      <Unit filename="../../../Sources/yapi/mbedtls/library/error.c"></Unit>
         <Option virtualFolder="Yoctopuce/yapi/MbedTLS" />
         <Option  compilerVar="CC" />
      </Unit>
      <Unit filename="../../../Sources/yapi/mbedtls/library/x509write_crt.c"></Unit>
         <Option virtualFolder="Yoctopuce/yapi/MbedTLS" />
         <Option  compilerVar="CC" />
      </Unit>
      <Unit filename="../../../Sources/yapi/mbedtls/library/x509_create.c"></Unit>
         <Option virtualFolder="Yoctopuce/yapi/MbedTLS" />
         <Option  compilerVar="CC" />
      </Unit>
      <Unit filename="../../../Sources/yapi/mbedtls/library/debug.c"></Unit>
         <Option virtualFolder="Yoctopuce/yapi/MbedTLS" />
         <Option  compilerVar="CC" />
      </Unit>
      <Unit filename="../../../Sources/yapi/mbedtls/library/x509.c"></Unit>
         <Option virtualFolder="Yoctopuce/yapi/MbedTLS" />
         <Option  compilerVar="CC" />
      </Unit>
      <Unit filename="../../../Sources/yapi/mbedtls/library/x509_crt.c"></Unit>
         <Option virtualFolder="Yoctopuce/yapi/MbedTLS" />
         <Option  compilerVar="CC" />
      </Unit>
      <Unit filename="../../../Sources/yapi/mbedtls/library/x509write.c"></Unit>
         <Option virtualFolder="Yoctopuce/yapi/MbedTLS" />
         <Option  compilerVar="CC" />
      </Unit>
      <Unit filename="../../../Sources/yapi/mbedtls/library/x509_oid.c"></Unit>
         <Option virtualFolder="Yoctopuce/yapi/MbedTLS" />
         <Option  compilerVar="CC" />
      </Unit>
      <Unit filename="../../../Sources/yapi/mbedtls/library/ssl_tls.c"></Unit>
         <Option virtualFolder="Yoctopuce/yapi/MbedTLS" />
         <Option  compilerVar="CC" />
      </Unit>
      <Unit filename="../../../Sources/yapi/mbedtls/library/ssl_client.c"></Unit>
         <Option virtualFolder="Yoctopuce/yapi/MbedTLS" />
         <Option  compilerVar="CC" />
      </Unit>
      <Unit filename="../../../Sources/yapi/mbedtls/library/ssl_msg.c"></Unit>
         <Option virtualFolder="Yoctopuce/yapi/MbedTLS" />
         <Option  compilerVar="CC" />
      </Unit>
      <Unit filename="../../../Sources/yapi/mbedtls/library/ssl_ciphersuites.c"></Unit>
         <Option virtualFolder="Yoctopuce/yapi/MbedTLS" />
         <Option  compilerVar="CC" />
      </Unit>
      <Unit filename="../../../Sources/yapi/mbedtls/library/ssl_tls13_client.c"></Unit>
         <Option virtualFolder="Yoctopuce/yapi/MbedTLS" />
         <Option  compilerVar="CC" />
      </Unit>
      <Unit filename="../../../Sources/yapi/mbedtls/library/ssl_tls12_client.c"></Unit>
         <Option virtualFolder="Yoctopuce/yapi/MbedTLS" />
         <Option  compilerVar="CC" />
      </Unit>
      <Unit filename="../../../Sources/yapi/mbedtls/library/ssl_tls12_server.c"></Unit>
         <Option virtualFolder="Yoctopuce/yapi/MbedTLS" />
         <Option  compilerVar="CC" />
      </Unit>
      <Unit filename="../../../Sources/yapi/mbedtls/library/ssl_tls13_generic.c"></Unit>
         <Option virtualFolder="Yoctopuce/yapi/MbedTLS" />
         <Option  compilerVar="CC" />
      </Unit>
      <Unit filename="../../../Sources/yapi/mbedtls/library/ssl_tls13_server.c"></Unit>
         <Option virtualFolder="Yoctopuce/yapi/MbedTLS" />
         <Option  compilerVar="CC" />
      </Unit>
      <Unit filename="../../../Sources/yapi/mbedtls/library/ssl_tls13_keys.c"></Unit>
         <Option virtualFolder="Yoctopuce/yapi/MbedTLS" />
         <Option  compilerVar="CC" />
      </Unit>
      <Unit filename="../../../Sources/yapi/mbedtls/tf-psa-crypto/core/psa_its_file.c"></Unit>
         <Option virtualFolder="Yoctopuce/yapi/MbedTLS" />
         <Option  compilerVar="CC" />
      </Unit>
      <Unit filename="../../../Sources/yapi/mbedtls/tf-psa-crypto/core/psa_crypto_slot_management.c"></Unit>
         <Option virtualFolder="Yoctopuce/yapi/MbedTLS" />
         <Option  compilerVar="CC" />
      </Unit>
      <Unit filename="../../../Sources/yapi/mbedtls/tf-psa-crypto/core/psa_crypto.c"></Unit>
         <Option virtualFolder="Yoctopuce/yapi/MbedTLS" />
         <Option  compilerVar="CC" />
      </Unit>
      <Unit filename="../../../Sources/yapi/mbedtls/tf-psa-crypto/core/psa_crypto_client.c"></Unit>
         <Option virtualFolder="Yoctopuce/yapi/MbedTLS" />
         <Option  compilerVar="CC" />
      </Unit>
      <Unit filename="../../../Sources/yapi/mbedtls/tf-psa-crypto/core/psa_crypto_storage.c"></Unit>
         <Option virtualFolder="Yoctopuce/yapi/MbedTLS" />
         <Option  compilerVar="CC" />
      </Unit>
      <Unit filename="../../../Sources/yapi/mbedtls/tf-psa-crypto/core/psa_crypto_driver_wrappers_no_static.c"></Unit>
         <Option virtualFolder="Yoctopuce/yapi/MbedTLS" />
         <Option  compilerVar="CC" />
      </Unit>
      <Unit filename="../../../Sources/yapi/mbedtls/tf-psa-crypto/drivers/builtin/src/cmac.c"></Unit>
         <Option virtualFolder="Yoctopuce/yapi/MbedTLS" />
         <Option  compilerVar="CC" />
      </Unit>
      <Unit filename="../../../Sources/yapi/mbedtls/tf-psa-crypto/drivers/builtin/src/md5.c"></Unit>
         <Option virtualFolder="Yoctopuce/yapi/MbedTLS" />
         <Option  compilerVar="CC" />
      </Unit>
      <Unit filename="../../../Sources/yapi/mbedtls/tf-psa-crypto/drivers/builtin/src/gcm.c"></Unit>
         <Option virtualFolder="Yoctopuce/yapi/MbedTLS" />
         <Option  compilerVar="CC" />
      </Unit>
      <Unit filename="../../../Sources/yapi/mbedtls/tf-psa-crypto/drivers/builtin/src/aes.c"></Unit>
         <Option virtualFolder="Yoctopuce/yapi/MbedTLS" />
         <Option  compilerVar="CC" />
      </Unit>
      <Unit filename="../../../Sources/yapi/mbedtls/tf-psa-crypto/drivers/builtin/src/aesce.c"></Unit>
         <Option virtualFolder="Yoctopuce/yapi/MbedTLS" />
         <Option  compilerVar="CC" />
      </Unit>
      <Unit filename="../../../Sources/yapi/mbedtls/tf-psa-crypto/drivers/builtin/src/rsa.c"></Unit>
         <Option virtualFolder="Yoctopuce/yapi/MbedTLS" />
         <Option  compilerVar="CC" />
      </Unit>
      <Unit filename="../../../Sources/yapi/mbedtls/tf-psa-crypto/drivers/builtin/src/pk_ecc.c"></Unit>
         <Option virtualFolder="Yoctopuce/yapi/MbedTLS" />
         <Option  compilerVar="CC" />
      </Unit>
      <Unit filename="../../../Sources/yapi/mbedtls/tf-psa-crypto/drivers/builtin/src/oid.c"></Unit>
         <Option virtualFolder="Yoctopuce/yapi/MbedTLS" />
         <Option  compilerVar="CC" />
      </Unit>
      <Unit filename="../../../Sources/yapi/mbedtls/tf-psa-crypto/drivers/builtin/src/poly1305.c"></Unit>
         <Option virtualFolder="Yoctopuce/yapi/MbedTLS" />
         <Option  compilerVar="CC" />
      </Unit>
      <Unit filename="../../../Sources/yapi/mbedtls/tf-psa-crypto/drivers/builtin/src/ctr_drbg.c"></Unit>
         <Option virtualFolder="Yoctopuce/yapi/MbedTLS" />
         <Option  compilerVar="CC" />
      </Unit>
      <Unit filename="../../../Sources/yapi/mbedtls/tf-psa-crypto/drivers/builtin/src/chacha20.c"></Unit>
         <Option virtualFolder="Yoctopuce/yapi/MbedTLS" />
         <Option  compilerVar="CC" />
      </Unit>
      <Unit filename="../../../Sources/yapi/mbedtls/tf-psa-crypto/drivers/builtin/src/ecdh.c"></Unit>
         <Option virtualFolder="Yoctopuce/yapi/MbedTLS" />
         <Option  compilerVar="CC" />
      </Unit>
      <Unit filename="../../../Sources/yapi/mbedtls/tf-psa-crypto/drivers/builtin/src/ecdsa.c"></Unit>
         <Option virtualFolder="Yoctopuce/yapi/MbedTLS" />
         <Option  compilerVar="CC" />
      </Unit>
      <Unit filename="../../../Sources/yapi/mbedtls/tf-psa-crypto/drivers/builtin/src/cipher_wrap.c"></Unit>
         <Option virtualFolder="Yoctopuce/yapi/MbedTLS" />
         <Option  compilerVar="CC" />
      </Unit>
      <Unit filename="../../../Sources/yapi/mbedtls/tf-psa-crypto/drivers/builtin/src/base64.c"></Unit>
         <Option virtualFolder="Yoctopuce/yapi/MbedTLS" />
         <Option  compilerVar="CC" />
      </Unit>
      <Unit filename="../../../Sources/yapi/mbedtls/tf-psa-crypto/drivers/builtin/src/pk_rsa.c"></Unit>
         <Option virtualFolder="Yoctopuce/yapi/MbedTLS" />
         <Option  compilerVar="CC" />
      </Unit>
      <Unit filename="../../../Sources/yapi/mbedtls/tf-psa-crypto/drivers/builtin/src/pkcs5.c"></Unit>
         <Option virtualFolder="Yoctopuce/yapi/MbedTLS" />
         <Option  compilerVar="CC" />
      </Unit>
      <Unit filename="../../../Sources/yapi/mbedtls/tf-psa-crypto/drivers/builtin/src/aesni.c"></Unit>
         <Option virtualFolder="Yoctopuce/yapi/MbedTLS" />
         <Option  compilerVar="CC" />
      </Unit>
      <Unit filename="../../../Sources/yapi/mbedtls/tf-psa-crypto/drivers/builtin/src/rsa_alt_helpers.c"></Unit>
         <Option virtualFolder="Yoctopuce/yapi/MbedTLS" />
         <Option  compilerVar="CC" />
      </Unit>
      <Unit filename="../../../Sources/yapi/mbedtls/tf-psa-crypto/drivers/builtin/src/entropy_poll.c"></Unit>
         <Option virtualFolder="Yoctopuce/yapi/MbedTLS" />
         <Option  compilerVar="CC" />
      </Unit>
      <Unit filename="../../../Sources/yapi/mbedtls/tf-psa-crypto/drivers/builtin/src/hmac_drbg.c"></Unit>
         <Option virtualFolder="Yoctopuce/yapi/MbedTLS" />
         <Option  compilerVar="CC" />
      </Unit>
      <Unit filename="../../../Sources/yapi/mbedtls/tf-psa-crypto/drivers/builtin/src/camellia.c"></Unit>
         <Option virtualFolder="Yoctopuce/yapi/MbedTLS" />
         <Option  compilerVar="CC" />
      </Unit>
      <Unit filename="../../../Sources/yapi/mbedtls/tf-psa-crypto/drivers/builtin/src/aria.c"></Unit>
         <Option virtualFolder="Yoctopuce/yapi/MbedTLS" />
         <Option  compilerVar="CC" />
      </Unit>
      <Unit filename="../../../Sources/yapi/mbedtls/tf-psa-crypto/drivers/builtin/src/ripemd160.c"></Unit>
         <Option virtualFolder="Yoctopuce/yapi/MbedTLS" />
         <Option  compilerVar="CC" />
      </Unit>
      <Unit filename="../../../Sources/yapi/mbedtls/tf-psa-crypto/drivers/builtin/src/sha1.c"></Unit>
         <Option virtualFolder="Yoctopuce/yapi/MbedTLS" />
         <Option  compilerVar="CC" />
      </Unit>
      <Unit filename="../../../Sources/yapi/mbedtls/tf-psa-crypto/drivers/builtin/src/sha256.c"></Unit>
         <Option virtualFolder="Yoctopuce/yapi/MbedTLS" />
         <Option  compilerVar="CC" />
      </Unit>
      <Unit filename="../../../Sources/yapi/mbedtls/tf-psa-crypto/drivers/builtin/src/sha512.c"></Unit>
         <Option virtualFolder="Yoctopuce/yapi/MbedTLS" />
         <Option  compilerVar="CC" />
      </Unit>
      <Unit filename="../../../Sources/yapi/mbedtls/tf-psa-crypto/drivers/builtin/src/sha3.c"></Unit>
         <Option virtualFolder="Yoctopuce/yapi/MbedTLS" />
         <Option  compilerVar="CC" />
      </Unit>
      <Unit filename="../../../Sources/yapi/mbedtls/tf-psa-crypto/drivers/builtin/src/ccm.c"></Unit>
         <Option virtualFolder="Yoctopuce/yapi/MbedTLS" />
         <Option  compilerVar="CC" />
      </Unit>
      <Unit filename="../../../Sources/yapi/mbedtls/tf-psa-crypto/drivers/builtin/src/chachapoly.c"></Unit>
         <Option virtualFolder="Yoctopuce/yapi/MbedTLS" />
         <Option  compilerVar="CC" />
      </Unit>
      <Unit filename="../../../Sources/yapi/mbedtls/tf-psa-crypto/drivers/builtin/src/ecjpake.c"></Unit>
         <Option virtualFolder="Yoctopuce/yapi/MbedTLS" />
         <Option  compilerVar="CC" />
      </Unit>
      <Unit filename="../../../Sources/yapi/mbedtls/tf-psa-crypto/drivers/builtin/src/psa_crypto_mac.c"></Unit>
         <Option virtualFolder="Yoctopuce/yapi/MbedTLS" />
         <Option  compilerVar="CC" />
      </Unit>
      <Unit filename="../../../Sources/yapi/mbedtls/tf-psa-crypto/drivers/builtin/src/psa_crypto_rsa.c"></Unit>
         <Option virtualFolder="Yoctopuce/yapi/MbedTLS" />
         <Option  compilerVar="CC" />
      </Unit>
      <Unit filename="../../../Sources/yapi/mbedtls/tf-psa-crypto/drivers/builtin/src/psa_crypto_ecp.c"></Unit>
         <Option virtualFolder="Yoctopuce/yapi/MbedTLS" />
         <Option  compilerVar="CC" />
      </Unit>
      <Unit filename="../../../Sources/yapi/mbedtls/tf-psa-crypto/drivers/builtin/src/psa_crypto_ffdh.c"></Unit>
         <Option virtualFolder="Yoctopuce/yapi/MbedTLS" />
         <Option  compilerVar="CC" />
      </Unit>
      <Unit filename="../../../Sources/yapi/mbedtls/tf-psa-crypto/drivers/builtin/src/pk_wrap.c"></Unit>
         <Option virtualFolder="Yoctopuce/yapi/MbedTLS" />
         <Option  compilerVar="CC" />
      </Unit>
      <Unit filename="../../../Sources/yapi/mbedtls/tf-psa-crypto/drivers/builtin/src/ecp.c"></Unit>
         <Option virtualFolder="Yoctopuce/yapi/MbedTLS" />
         <Option  compilerVar="CC" />
      </Unit>
      <Unit filename="../../../Sources/yapi/mbedtls/tf-psa-crypto/drivers/builtin/src/cipher.c"></Unit>
         <Option virtualFolder="Yoctopuce/yapi/MbedTLS" />
         <Option  compilerVar="CC" />
      </Unit>
      <Unit filename="../../../Sources/yapi/mbedtls/tf-psa-crypto/drivers/builtin/src/md.c"></Unit>
         <Option virtualFolder="Yoctopuce/yapi/MbedTLS" />
         <Option  compilerVar="CC" />
      </Unit>
      <Unit filename="../../../Sources/yapi/mbedtls/tf-psa-crypto/drivers/builtin/src/psa_crypto_aead.c"></Unit>
         <Option virtualFolder="Yoctopuce/yapi/MbedTLS" />
         <Option  compilerVar="CC" />
      </Unit>
      <Unit filename="../../../Sources/yapi/mbedtls/tf-psa-crypto/drivers/builtin/src/psa_crypto_hash.c"></Unit>
         <Option virtualFolder="Yoctopuce/yapi/MbedTLS" />
         <Option  compilerVar="CC" />
      </Unit>
      <Unit filename="../../../Sources/yapi/mbedtls/tf-psa-crypto/drivers/builtin/src/psa_crypto_pake.c"></Unit>
         <Option virtualFolder="Yoctopuce/yapi/MbedTLS" />
         <Option  compilerVar="CC" />
      </Unit>
      <Unit filename="../../../Sources/yapi/mbedtls/tf-psa-crypto/drivers/builtin/src/constant_time.c"></Unit>
         <Option virtualFolder="Yoctopuce/yapi/MbedTLS" />
         <Option  compilerVar="CC" />
      </Unit>
      <Unit filename="../../../Sources/yapi/mbedtls/tf-psa-crypto/drivers/builtin/src/ecp_curves.c"></Unit>
         <Option virtualFolder="Yoctopuce/yapi/MbedTLS" />
         <Option  compilerVar="CC" />
      </Unit>
      <Unit filename="../../../Sources/yapi/mbedtls/tf-psa-crypto/drivers/builtin/src/psa_crypto_cipher.c"></Unit>
         <Option virtualFolder="Yoctopuce/yapi/MbedTLS" />
         <Option  compilerVar="CC" />
      </Unit>
      <Unit filename="../../../Sources/yapi/mbedtls/tf-psa-crypto/drivers/builtin/src/entropy.c"></Unit>
         <Option virtualFolder="Yoctopuce/yapi/MbedTLS" />
         <Option  compilerVar="CC" />
      </Unit>
      <Unit filename="../../../Sources/yapi/mbedtls/tf-psa-crypto/drivers/builtin/src/platform_util.c"></Unit>
         <Option virtualFolder="Yoctopuce/yapi/MbedTLS" />
         <Option  compilerVar="CC" />
      </Unit>
      <Unit filename="../../../Sources/yapi/mbedtls/tf-psa-crypto/drivers/builtin/src/threading.c"></Unit>
         <Option virtualFolder="Yoctopuce/yapi/MbedTLS" />
         <Option  compilerVar="CC" />
      </Unit>
      <Unit filename="../../../Sources/yapi/mbedtls/tf-psa-crypto/drivers/builtin/src/asn1write.c"></Unit>
         <Option virtualFolder="Yoctopuce/yapi/MbedTLS" />
         <Option  compilerVar="CC" />
      </Unit>
      <Unit filename="../../../Sources/yapi/mbedtls/tf-psa-crypto/drivers/builtin/src/asn1parse.c"></Unit>
         <Option virtualFolder="Yoctopuce/yapi/MbedTLS" />
         <Option  compilerVar="CC" />
      </Unit>
      <Unit filename="../../../Sources/yapi/mbedtls/tf-psa-crypto/drivers/builtin/src/pem.c"></Unit>
         <Option virtualFolder="Yoctopuce/yapi/MbedTLS" />
         <Option  compilerVar="CC" />
      </Unit>
      <Unit filename="../../../Sources/yapi/mbedtls/tf-psa-crypto/drivers/builtin/src/pk.c"></Unit>
         <Option virtualFolder="Yoctopuce/yapi/MbedTLS" />
         <Option  compilerVar="CC" />
      </Unit>
      <Unit filename="../../../Sources/yapi/mbedtls/tf-psa-crypto/drivers/builtin/src/pkparse.c"></Unit>
         <Option virtualFolder="Yoctopuce/yapi/MbedTLS" />
         <Option  compilerVar="CC" />
      </Unit>
      <Unit filename="../../../Sources/yapi/mbedtls/tf-psa-crypto/drivers/builtin/src/pkwrite.c"></Unit>
         <Option virtualFolder="Yoctopuce/yapi/MbedTLS" />
         <Option  compilerVar="CC" />
      </Unit>
      <Unit filename="../../../Sources/yapi/mbedtls/tf-psa-crypto/drivers/builtin/src/bignum.c"></Unit>
         <Option virtualFolder="Yoctopuce/yapi/MbedTLS" />
         <Option  compilerVar="CC" />
      </Unit>
      <Unit filename="../../../Sources/yapi/mbedtls/tf-psa-crypto/drivers/builtin/src/psa_util.c"></Unit>
         <Option virtualFolder="Yoctopuce/yapi/MbedTLS" />
         <Option  compilerVar="CC" />
      </Unit>
      <Unit filename="../../../Sources/yapi/mbedtls/tf-psa-crypto/drivers/builtin/src/bignum_core.c"></Unit>
         <Option virtualFolder="Yoctopuce/yapi/MbedTLS" />
         <Option  compilerVar="CC" />
      </Unit>
      <Unit filename="../../../Sources/yapi/mbedtls/include/mbedtls/build_info.h"></Unit>
         <Option virtualFolder="Yoctopuce/yapi/MbedTLS" />
      </Unit>
      <Unit filename="../../../Sources/yapi/mbedtls/include/mbedtls/debug.h"></Unit>
         <Option virtualFolder="Yoctopuce/yapi/MbedTLS" />
      </Unit>
      <Unit filename="../../../Sources/yapi/mbedtls/include/mbedtls/error.h"></Unit>
         <Option virtualFolder="Yoctopuce/yapi/MbedTLS" />
      </Unit>
      <Unit filename="../../../Sources/yapi/mbedtls/include/mbedtls/mbedtls_config.h"></Unit>
         <Option virtualFolder="Yoctopuce/yapi/MbedTLS" />
      </Unit>
      <Unit filename="../../../Sources/yapi/mbedtls/include/mbedtls/net_sockets.h"></Unit>
         <Option virtualFolder="Yoctopuce/yapi/MbedTLS" />
      </Unit>
      <Unit filename="../../../Sources/yapi/mbedtls/include/mbedtls/oid.h"></Unit>
         <Option virtualFolder="Yoctopuce/yapi/MbedTLS" />
      </Unit>
      <Unit filename="../../../Sources/yapi/mbedtls/include/mbedtls/pkcs7.h"></Unit>
         <Option virtualFolder="Yoctopuce/yapi/MbedTLS" />
      </Unit>
      <Unit filename="../../../Sources/yapi/mbedtls/include/mbedtls/ssl.h"></Unit>
         <Option virtualFolder="Yoctopuce/yapi/MbedTLS" />
      </Unit>
      <Unit filename="../../../Sources/yapi/mbedtls/include/mbedtls/ssl_cache.h"></Unit>
         <Option virtualFolder="Yoctopuce/yapi/MbedTLS" />
      </Unit>
      <Unit filename="../../../Sources/yapi/mbedtls/include/mbedtls/ssl_ciphersuites.h"></Unit>
         <Option virtualFolder="Yoctopuce/yapi/MbedTLS" />
      </Unit>
      <Unit filename="../../../Sources/yapi/mbedtls/include/mbedtls/ssl_cookie.h"></Unit>
         <Option virtualFolder="Yoctopuce/yapi/MbedTLS" />
      </Unit>
      <Unit filename="../../../Sources/yapi/mbedtls/include/mbedtls/ssl_ticket.h"></Unit>
         <Option virtualFolder="Yoctopuce/yapi/MbedTLS" />
      </Unit>
      <Unit filename="../../../Sources/yapi/mbedtls/include/mbedtls/timing.h"></Unit>
         <Option virtualFolder="Yoctopuce/yapi/MbedTLS" />
      </Unit>
      <Unit filename="../../../Sources/yapi/mbedtls/include/mbedtls/version.h"></Unit>
         <Option virtualFolder="Yoctopuce/yapi/MbedTLS" />
      </Unit>
      <Unit filename="../../../Sources/yapi/mbedtls/include/mbedtls/x509.h"></Unit>
         <Option virtualFolder="Yoctopuce/yapi/MbedTLS" />
      </Unit>
      <Unit filename="../../../Sources/yapi/mbedtls/include/mbedtls/x509_crl.h"></Unit>
         <Option virtualFolder="Yoctopuce/yapi/MbedTLS" />
      </Unit>
      <Unit filename="../../../Sources/yapi/mbedtls/include/mbedtls/x509_crt.h"></Unit>
         <Option virtualFolder="Yoctopuce/yapi/MbedTLS" />
      </Unit>
      <Unit filename="../../../Sources/yapi/mbedtls/include/mbedtls/x509_csr.h"></Unit>
         <Option virtualFolder="Yoctopuce/yapi/MbedTLS" />
      </Unit>
      <Unit filename="../../../Sources/yapi/mbedtls/include/threading_alt.h"></Unit>
         <Option virtualFolder="Yoctopuce/yapi/MbedTLS" />
      </Unit>
      <Unit filename="../../../Sources/yapi/mbedtls/tf-psa-crypto/drivers/builtin/include/mbedtls/config_adjust_legacy_crypto.h"></Unit>
         <Option virtualFolder="Yoctopuce/yapi/MbedTLS" />
      </Unit>
      <Unit filename="../../../Sources/yapi/mbedtls/tf-psa-crypto/drivers/builtin/include/mbedtls/private/aes.h"></Unit>
         <Option virtualFolder="Yoctopuce/yapi/MbedTLS" />
      </Unit>
      <Unit filename="../../../Sources/yapi/mbedtls/tf-psa-crypto/drivers/builtin/include/mbedtls/private/aria.h"></Unit>
         <Option virtualFolder="Yoctopuce/yapi/MbedTLS" />
      </Unit>
      <Unit filename="../../../Sources/yapi/mbedtls/tf-psa-crypto/drivers/builtin/include/mbedtls/private/bignum.h"></Unit>
         <Option virtualFolder="Yoctopuce/yapi/MbedTLS" />
      </Unit>
      <Unit filename="../../../Sources/yapi/mbedtls/tf-psa-crypto/drivers/builtin/include/mbedtls/private/block_cipher.h"></Unit>
         <Option virtualFolder="Yoctopuce/yapi/MbedTLS" />
      </Unit>
      <Unit filename="../../../Sources/yapi/mbedtls/tf-psa-crypto/drivers/builtin/include/mbedtls/private/camellia.h"></Unit>
         <Option virtualFolder="Yoctopuce/yapi/MbedTLS" />
      </Unit>
      <Unit filename="../../../Sources/yapi/mbedtls/tf-psa-crypto/drivers/builtin/include/mbedtls/private/ccm.h"></Unit>
         <Option virtualFolder="Yoctopuce/yapi/MbedTLS" />
      </Unit>
      <Unit filename="../../../Sources/yapi/mbedtls/tf-psa-crypto/drivers/builtin/include/mbedtls/private/chacha20.h"></Unit>
         <Option virtualFolder="Yoctopuce/yapi/MbedTLS" />
      </Unit>
      <Unit filename="../../../Sources/yapi/mbedtls/tf-psa-crypto/drivers/builtin/include/mbedtls/private/chachapoly.h"></Unit>
         <Option virtualFolder="Yoctopuce/yapi/MbedTLS" />
      </Unit>
      <Unit filename="../../../Sources/yapi/mbedtls/tf-psa-crypto/drivers/builtin/include/mbedtls/private/cipher.h"></Unit>
         <Option virtualFolder="Yoctopuce/yapi/MbedTLS" />
      </Unit>
      <Unit filename="../../../Sources/yapi/mbedtls/tf-psa-crypto/drivers/builtin/include/mbedtls/private/cmac.h"></Unit>
         <Option virtualFolder="Yoctopuce/yapi/MbedTLS" />
      </Unit>
      <Unit filename="../../../Sources/yapi/mbedtls/tf-psa-crypto/drivers/builtin/include/mbedtls/private/config_adjust_legacy_from_psa.h"></Unit>
         <Option virtualFolder="Yoctopuce/yapi/MbedTLS" />
      </Unit>
      <Unit filename="../../../Sources/yapi/mbedtls/tf-psa-crypto/drivers/builtin/include/mbedtls/private/config_adjust_test_accelerators.h"></Unit>
         <Option virtualFolder="Yoctopuce/yapi/MbedTLS" />
      </Unit>
      <Unit filename="../../../Sources/yapi/mbedtls/tf-psa-crypto/drivers/builtin/include/mbedtls/private/config_psa.h"></Unit>
         <Option virtualFolder="Yoctopuce/yapi/MbedTLS" />
      </Unit>
      <Unit filename="../../../Sources/yapi/mbedtls/tf-psa-crypto/drivers/builtin/include/mbedtls/private/ctr_drbg.h"></Unit>
         <Option virtualFolder="Yoctopuce/yapi/MbedTLS" />
      </Unit>
      <Unit filename="../../../Sources/yapi/mbedtls/tf-psa-crypto/drivers/builtin/include/mbedtls/private/ecdh.h"></Unit>
         <Option virtualFolder="Yoctopuce/yapi/MbedTLS" />
      </Unit>
      <Unit filename="../../../Sources/yapi/mbedtls/tf-psa-crypto/drivers/builtin/include/mbedtls/private/ecdsa.h"></Unit>
         <Option virtualFolder="Yoctopuce/yapi/MbedTLS" />
      </Unit>
      <Unit filename="../../../Sources/yapi/mbedtls/tf-psa-crypto/drivers/builtin/include/mbedtls/private/ecjpake.h"></Unit>
         <Option virtualFolder="Yoctopuce/yapi/MbedTLS" />
      </Unit>
      <Unit filename="../../../Sources/yapi/mbedtls/tf-psa-crypto/drivers/builtin/include/mbedtls/private/ecp.h"></Unit>
         <Option virtualFolder="Yoctopuce/yapi/MbedTLS" />
      </Unit>
      <Unit filename="../../../Sources/yapi/mbedtls/tf-psa-crypto/drivers/builtin/include/mbedtls/private/entropy.h"></Unit>
         <Option virtualFolder="Yoctopuce/yapi/MbedTLS" />
      </Unit>
      <Unit filename="../../../Sources/yapi/mbedtls/tf-psa-crypto/drivers/builtin/include/mbedtls/private/error_common.h"></Unit>
         <Option virtualFolder="Yoctopuce/yapi/MbedTLS" />
      </Unit>
      <Unit filename="../../../Sources/yapi/mbedtls/tf-psa-crypto/drivers/builtin/include/mbedtls/private/gcm.h"></Unit>
         <Option virtualFolder="Yoctopuce/yapi/MbedTLS" />
      </Unit>
      <Unit filename="../../../Sources/yapi/mbedtls/tf-psa-crypto/drivers/builtin/include/mbedtls/private/hmac_drbg.h"></Unit>
         <Option virtualFolder="Yoctopuce/yapi/MbedTLS" />
      </Unit>
      <Unit filename="../../../Sources/yapi/mbedtls/tf-psa-crypto/drivers/builtin/include/mbedtls/private/md5.h"></Unit>
         <Option virtualFolder="Yoctopuce/yapi/MbedTLS" />
      </Unit>
      <Unit filename="../../../Sources/yapi/mbedtls/tf-psa-crypto/drivers/builtin/include/mbedtls/private/pkcs5.h"></Unit>
         <Option virtualFolder="Yoctopuce/yapi/MbedTLS" />
      </Unit>
      <Unit filename="../../../Sources/yapi/mbedtls/tf-psa-crypto/drivers/builtin/include/mbedtls/private/poly1305.h"></Unit>
         <Option virtualFolder="Yoctopuce/yapi/MbedTLS" />
      </Unit>
      <Unit filename="../../../Sources/yapi/mbedtls/tf-psa-crypto/drivers/builtin/include/mbedtls/private/ripemd160.h"></Unit>
         <Option virtualFolder="Yoctopuce/yapi/MbedTLS" />
      </Unit>
      <Unit filename="../../../Sources/yapi/mbedtls/tf-psa-crypto/drivers/builtin/include/mbedtls/private/rsa.h"></Unit>
         <Option virtualFolder="Yoctopuce/yapi/MbedTLS" />
      </Unit>
      <Unit filename="../../../Sources/yapi/mbedtls/tf-psa-crypto/drivers/builtin/include/mbedtls/private/sha1.h"></Unit>
         <Option virtualFolder="Yoctopuce/yapi/MbedTLS" />
      </Unit>
      <Unit filename="../../../Sources/yapi/mbedtls/tf-psa-crypto/drivers/builtin/include/mbedtls/private/sha256.h"></Unit>
         <Option virtualFolder="Yoctopuce/yapi/MbedTLS" />
      </Unit>
      <Unit filename="../../../Sources/yapi/mbedtls/tf-psa-crypto/drivers/builtin/include/mbedtls/private/sha3.h"></Unit>
         <Option virtualFolder="Yoctopuce/yapi/MbedTLS" />
      </Unit>
      <Unit filename="../../../Sources/yapi/mbedtls/tf-psa-crypto/drivers/builtin/include/mbedtls/private/sha512.h"></Unit>
         <Option virtualFolder="Yoctopuce/yapi/MbedTLS" />
      </Unit>
      <Unit filename="../../../Sources/yapi/mbedtls/tf-psa-crypto/drivers/builtin/include/mbedtls/private_access.h"></Unit>
         <Option virtualFolder="Yoctopuce/yapi/MbedTLS" />
      </Unit>
      <Unit filename="../../../Sources/yapi/mbedtls/tf-psa-crypto/include/mbedtls/asn1.h"></Unit>
         <Option virtualFolder="Yoctopuce/yapi/MbedTLS" />
      </Unit>
      <Unit filename="../../../Sources/yapi/mbedtls/tf-psa-crypto/include/mbedtls/asn1write.h"></Unit>
         <Option virtualFolder="Yoctopuce/yapi/MbedTLS" />
      </Unit>
      <Unit filename="../../../Sources/yapi/mbedtls/tf-psa-crypto/include/mbedtls/base64.h"></Unit>
         <Option virtualFolder="Yoctopuce/yapi/MbedTLS" />
      </Unit>
      <Unit filename="../../../Sources/yapi/mbedtls/tf-psa-crypto/include/mbedtls/compat-3-crypto.h"></Unit>
         <Option virtualFolder="Yoctopuce/yapi/MbedTLS" />
      </Unit>
      <Unit filename="../../../Sources/yapi/mbedtls/tf-psa-crypto/include/mbedtls/constant_time.h"></Unit>
         <Option virtualFolder="Yoctopuce/yapi/MbedTLS" />
      </Unit>
      <Unit filename="../../../Sources/yapi/mbedtls/tf-psa-crypto/include/mbedtls/lms.h"></Unit>
         <Option virtualFolder="Yoctopuce/yapi/MbedTLS" />
      </Unit>
      <Unit filename="../../../Sources/yapi/mbedtls/tf-psa-crypto/include/mbedtls/md.h"></Unit>
         <Option virtualFolder="Yoctopuce/yapi/MbedTLS" />
      </Unit>
      <Unit filename="../../../Sources/yapi/mbedtls/tf-psa-crypto/include/mbedtls/memory_buffer_alloc.h"></Unit>
         <Option virtualFolder="Yoctopuce/yapi/MbedTLS" />
      </Unit>
      <Unit filename="../../../Sources/yapi/mbedtls/tf-psa-crypto/include/mbedtls/nist_kw.h"></Unit>
         <Option virtualFolder="Yoctopuce/yapi/MbedTLS" />
      </Unit>
      <Unit filename="../../../Sources/yapi/mbedtls/tf-psa-crypto/include/mbedtls/pem.h"></Unit>
         <Option virtualFolder="Yoctopuce/yapi/MbedTLS" />
      </Unit>
      <Unit filename="../../../Sources/yapi/mbedtls/tf-psa-crypto/include/mbedtls/pk.h"></Unit>
         <Option virtualFolder="Yoctopuce/yapi/MbedTLS" />
      </Unit>
      <Unit filename="../../../Sources/yapi/mbedtls/tf-psa-crypto/include/mbedtls/platform.h"></Unit>
         <Option virtualFolder="Yoctopuce/yapi/MbedTLS" />
      </Unit>
      <Unit filename="../../../Sources/yapi/mbedtls/tf-psa-crypto/include/mbedtls/platform_time.h"></Unit>
         <Option virtualFolder="Yoctopuce/yapi/MbedTLS" />
      </Unit>
      <Unit filename="../../../Sources/yapi/mbedtls/tf-psa-crypto/include/mbedtls/platform_util.h"></Unit>
         <Option virtualFolder="Yoctopuce/yapi/MbedTLS" />
      </Unit>
      <Unit filename="../../../Sources/yapi/mbedtls/tf-psa-crypto/include/mbedtls/private/config_psa.h"></Unit>
         <Option virtualFolder="Yoctopuce/yapi/MbedTLS" />
      </Unit>
      <Unit filename="../../../Sources/yapi/mbedtls/tf-psa-crypto/include/mbedtls/private/pk_private.h"></Unit>
         <Option virtualFolder="Yoctopuce/yapi/MbedTLS" />
      </Unit>
      <Unit filename="../../../Sources/yapi/mbedtls/tf-psa-crypto/include/mbedtls/psa_util.h"></Unit>
         <Option virtualFolder="Yoctopuce/yapi/MbedTLS" />
      </Unit>
      <Unit filename="../../../Sources/yapi/mbedtls/tf-psa-crypto/include/mbedtls/threading.h"></Unit>
         <Option virtualFolder="Yoctopuce/yapi/MbedTLS" />
      </Unit>
      <Unit filename="../../../Sources/yapi/mbedtls/tf-psa-crypto/include/psa/crypto.h"></Unit>
         <Option virtualFolder="Yoctopuce/yapi/MbedTLS" />
      </Unit>
      <Unit filename="../../../Sources/yapi/mbedtls/tf-psa-crypto/include/psa/crypto_builtin_composites.h"></Unit>
         <Option virtualFolder="Yoctopuce/yapi/MbedTLS" />
      </Unit>
      <Unit filename="../../../Sources/yapi/mbedtls/tf-psa-crypto/include/psa/crypto_builtin_key_derivation.h"></Unit>
         <Option virtualFolder="Yoctopuce/yapi/MbedTLS" />
      </Unit>
      <Unit filename="../../../Sources/yapi/mbedtls/tf-psa-crypto/include/psa/crypto_builtin_primitives.h"></Unit>
         <Option virtualFolder="Yoctopuce/yapi/MbedTLS" />
      </Unit>
      <Unit filename="../../../Sources/yapi/mbedtls/tf-psa-crypto/include/psa/crypto_compat.h"></Unit>
         <Option virtualFolder="Yoctopuce/yapi/MbedTLS" />
      </Unit>
      <Unit filename="../../../Sources/yapi/mbedtls/tf-psa-crypto/include/psa/crypto_config.h"></Unit>
         <Option virtualFolder="Yoctopuce/yapi/MbedTLS" />
      </Unit>
      <Unit filename="../../../Sources/yapi/mbedtls/tf-psa-crypto/include/psa/crypto_driver_common.h"></Unit>
         <Option virtualFolder="Yoctopuce/yapi/MbedTLS" />
      </Unit>
      <Unit filename="../../../Sources/yapi/mbedtls/tf-psa-crypto/include/psa/crypto_driver_contexts_composites.h"></Unit>
         <Option virtualFolder="Yoctopuce/yapi/MbedTLS" />
      </Unit>
      <Unit filename="../../../Sources/yapi/mbedtls/tf-psa-crypto/include/psa/crypto_driver_contexts_key_derivation.h"></Unit>
         <Option virtualFolder="Yoctopuce/yapi/MbedTLS" />
      </Unit>
      <Unit filename="../../../Sources/yapi/mbedtls/tf-psa-crypto/include/psa/crypto_driver_contexts_primitives.h"></Unit>
         <Option virtualFolder="Yoctopuce/yapi/MbedTLS" />
      </Unit>
      <Unit filename="../../../Sources/yapi/mbedtls/tf-psa-crypto/include/psa/crypto_driver_random.h"></Unit>
         <Option virtualFolder="Yoctopuce/yapi/MbedTLS" />
      </Unit>
      <Unit filename="../../../Sources/yapi/mbedtls/tf-psa-crypto/include/psa/crypto_extra.h"></Unit>
         <Option virtualFolder="Yoctopuce/yapi/MbedTLS" />
      </Unit>
      <Unit filename="../../../Sources/yapi/mbedtls/tf-psa-crypto/include/psa/crypto_platform.h"></Unit>
         <Option virtualFolder="Yoctopuce/yapi/MbedTLS" />
      </Unit>
      <Unit filename="../../../Sources/yapi/mbedtls/tf-psa-crypto/include/psa/crypto_sizes.h"></Unit>
         <Option virtualFolder="Yoctopuce/yapi/MbedTLS" />
      </Unit>
      <Unit filename="../../../Sources/yapi/mbedtls/tf-psa-crypto/include/psa/crypto_struct.h"></Unit>
         <Option virtualFolder="Yoctopuce/yapi/MbedTLS" />
      </Unit>
      <Unit filename="../../../Sources/yapi/mbedtls/tf-psa-crypto/include/psa/crypto_types.h"></Unit>
         <Option virtualFolder="Yoctopuce/yapi/MbedTLS" />
      </Unit>
      <Unit filename="../../../Sources/yapi/mbedtls/tf-psa-crypto/include/psa/crypto_values.h"></Unit>
         <Option virtualFolder="Yoctopuce/yapi/MbedTLS" />
      </Unit>
      <Unit filename="../../../Sources/yapi/mbedtls/tf-psa-crypto/include/tf-psa-crypto/build_info.h"></Unit>
         <Option virtualFolder="Yoctopuce/yapi/MbedTLS" />
      </Unit>
      <Unit filename="../../../Sources/yapi/mbedtls/tf-psa-crypto/include/tf-psa-crypto/version.h"></Unit>
         <Option virtualFolder="Yoctopuce/yapi/MbedTLS" />
      </Unit>
    
      <Extensions>
         <code_completion />
         <debugger />
      </Extensions>
   </Project>
</CodeBlocks_project_file>