// !$*UTF8*$!
{
	archiveVersion = 1;
	classes = {
	};
	objectVersion = 46;
	objects = {

/* Begin PBXBuildFile section */
		009D062217C2A09E0067341E /* main.cpp in Sources */ = {isa = PBXBuildFile; fileRef = 009D062117C2A09E0067341E /* main.cpp */; };
		009D062717C2A0D90067341E /* libyocto-static.a in Frameworks */ = {isa = PBXBuildFile; fileRef = 009D062617C2A0D90067341E /* libyocto-static.a */; };
		B8447F5314726957008342F7 /* IOKit.framework in Frameworks */ = {isa = PBXBuildFile; fileRef = B8447F5214726957008342F7 /* IOKit.framework */; };
		B8447F5514726963008342F7 /* CoreFoundation.framework in Frameworks */ = {isa = PBXBuildFile; fileRef = B8447F5414726963008342F7 /* CoreFoundation.framework */; };
/* End PBXBuildFile section */

/* Begin PBXCopyFilesBuildPhase section */
		B8FE64FE1472686800FD11A2 /* CopyFiles */ = {
			isa = PBXCopyFilesBuildPhase;
			buildActionMask = 2147483647;
			dstPath = /usr/share/man/man1/;
			dstSubfolderSpec = 0;
			files = (
			);
			runOnlyForDeploymentPostprocessing = 1;
		};
/* End PBXCopyFilesBuildPhase section */

/* Begin PBXFileReference section */
		009D062117C2A09E0067341E /* main.cpp */ = {isa = PBXFileReference; fileEncoding = 4; lastKnownFileType = sourcecode.cpp.cpp; name = main.cpp; path = ../main.cpp; sourceTree = "<group>"; };
		009D062417C2A0B10067341E /* yocto_api.h */ = {isa = PBXFileReference; fileEncoding = 4; lastKnownFileType = sourcecode.c.h; name = yocto_api.h; path = ../../../Sources/yocto_api.h; sourceTree = "<group>"; };
		009D062517C2A0C60067341E /* yocto_temperature.h */ = {isa = PBXFileReference; fileEncoding = 4; lastKnownFileType = sourcecode.c.h; name = yocto_temperature.h; path = ../../../Sources/yocto_temperature.h; sourceTree = "<group>"; };
		009D062617C2A0D90067341E /* libyocto-static.a */ = {isa = PBXFileReference; lastKnownFileType = archive.ar; name = "libyocto-static.a"; path = "../../../Binaries/osx/libyocto-static.a"; sourceTree = "<group>"; };
		B8447F5214726957008342F7 /* IOKit.framework */ = {isa = PBXFileReference; lastKnownFileType = wrapper.framework; name = IOKit.framework; path = System/Library/Frameworks/IOKit.framework; sourceTree = SDKROOT; };
		B8447F5414726963008342F7 /* CoreFoundation.framework */ = {isa = PBXFileReference; lastKnownFileType = wrapper.framework; name = CoreFoundation.framework; path = System/Library/Frameworks/CoreFoundation.framework; sourceTree = SDKROOT; };
		B8FE65001472686800FD11A2 /* project */ = {isa = PBXFileReference; explicitFileType = "compiled.mach-o.executable"; includeInIndex = 0; path = project; sourceTree = BUILT_PRODUCTS_DIR; };
/* End PBXFileReference section */

/* Begin PBXFrameworksBuildPhase section */
		B8FE64FD1472686800FD11A2 /* Frameworks */ = {
			isa = PBXFrameworksBuildPhase;
			buildActionMask = 2147483647;
			files = (
				009D062717C2A0D90067341E /* libyocto-static.a in Frameworks */,
				B8447F5514726963008342F7 /* CoreFoundation.framework in Frameworks */,
				B8447F5314726957008342F7 /* IOKit.framework in Frameworks */,
			);
			runOnlyForDeploymentPostprocessing = 0;
		};
/* End PBXFrameworksBuildPhase section */

/* Begin PBXGroup section */
		009D062317C2A0A40067341E /* include */ = {
			isa = PBXGroup;
			children = (
				009D062517C2A0C60067341E /* yocto_temperature.h */,
				009D062417C2A0B10067341E /* yocto_api.h */,
			);
			name = include;
			sourceTree = "<group>";
		};
		B8FE64F51472686800FD11A2 = {
			isa = PBXGroup;
			children = (
				009D062617C2A0D90067341E /* libyocto-static.a */,
				009D062317C2A0A40067341E /* include */,
				009D062117C2A09E0067341E /* main.cpp */,
				B8447F5414726963008342F7 /* CoreFoundation.framework */,
				B8447F5214726957008342F7 /* IOKit.framework */,
				B8FE65011472686800FD11A2 /* Products */,
			);
			sourceTree = "<group>";
		};
		B8FE65011472686800FD11A2 /* Products */ = {
			isa = PBXGroup;
			children = (
				B8FE65001472686800FD11A2 /* project */,
			);
			name = Products;
			sourceTree = "<group>";
		};
/* End PBXGroup section */

/* Begin PBXNativeTarget section */
		B8FE64FF1472686800FD11A2 /* project */ = {
			isa = PBXNativeTarget;
			buildConfigurationList = B8FE650A1472686800FD11A2 /* Build configuration list for PBXNativeTarget "project" */;
			buildPhases = (
				B8FE64FC1472686800FD11A2 /* Sources */,
				B8FE64FD1472686800FD11A2 /* Frameworks */,
				B8FE64FE1472686800FD11A2 /* CopyFiles */,
			);
			buildRules = (
			);
			dependencies = (
			);
			name = project;
			productName = project;
			productReference = B8FE65001472686800FD11A2 /* project */;
			productType = "com.apple.product-type.tool";
		};
/* End PBXNativeTarget section */

/* Begin PBXProject section */
		B8FE64F71472686800FD11A2 /* Project object */ = {
			isa = PBXProject;
			attributes = {
				LastUpgradeCheck = 0460;
				ORGANIZATIONNAME = "Yoctopuce Sàrl";
			};
			buildConfigurationList = B8FE64FA1472686800FD11A2 /* Build configuration list for PBXProject "project" */;
			compatibilityVersion = "Xcode 3.2";
			developmentRegion = English;
			hasScannedForEncodings = 0;
			knownRegions = (
				en,
			);
			mainGroup = B8FE64F51472686800FD11A2;
			productRefGroup = B8FE65011472686800FD11A2 /* Products */;
			projectDirPath = "";
			projectRoot = "";
			targets = (
				B8FE64FF1472686800FD11A2 /* project */,
			);
		};
/* End PBXProject section */

/* Begin PBXSourcesBuildPhase section */
		B8FE64FC1472686800FD11A2 /* Sources */ = {
			isa = PBXSourcesBuildPhase;
			buildActionMask = 2147483647;
			files = (
				009D062217C2A09E0067341E /* main.cpp in Sources */,
			);
			runOnlyForDeploymentPostprocessing = 0;
		};
/* End PBXSourcesBuildPhase section */

/* Begin XCBuildConfiguration section */
		B8FE65081472686800FD11A2 /* Debug */ = {
			isa = XCBuildConfiguration;
			buildSettings = {
				ALWAYS_SEARCH_USER_PATHS = NO;
				ARCHS = "$(ARCHS_STANDARD_64_BIT)";
				CLANG_WARN_CONSTANT_CONVERSION = YES;
				CLANG_WARN_ENUM_CONVERSION = YES;
				CLANG_WARN_INT_CONVERSION = YES;
				CLANG_WARN__DUPLICATE_METHOD_MATCH = YES;
				COPY_PHASE_STRIP = NO;
				GCC_C_LANGUAGE_STANDARD = gnu99;
				GCC_DYNAMIC_NO_PIC = NO;
				GCC_ENABLE_OBJC_EXCEPTIONS = YES;
				GCC_OPTIMIZATION_LEVEL = 0;
				GCC_PREPROCESSOR_DEFINITIONS = (
					"DEBUG=1",
					"$(inherited)",
				);
				GCC_SYMBOLS_PRIVATE_EXTERN = NO;
				GCC_VERSION = com.apple.compilers.llvm.clang.1_0;
				GCC_WARN_64_TO_32_BIT_CONVERSION = YES;
				GCC_WARN_ABOUT_MISSING_PROTOTYPES = YES;
				GCC_WARN_ABOUT_RETURN_TYPE = YES;
				GCC_WARN_UNINITIALIZED_AUTOS = YES;
				GCC_WARN_UNUSED_VARIABLE = YES;
				MACOSX_DEPLOYMENT_TARGET = 10.7;
				ONLY_ACTIVE_ARCH = YES;
				SDKROOT = macosx;
			};
			name = Debug;
		};
		B8FE65091472686800FD11A2 /* Release */ = {
			isa = XCBuildConfiguration;
			buildSettings = {
				ALWAYS_SEARCH_USER_PATHS = NO;
				ARCHS = "$(ARCHS_STANDARD_64_BIT)";
				CLANG_WARN_CONSTANT_CONVERSION = YES;
				CLANG_WARN_ENUM_CONVERSION = YES;
				CLANG_WARN_INT_CONVERSION = YES;
				CLANG_WARN__DUPLICATE_METHOD_MATCH = YES;
				COPY_PHASE_STRIP = YES;
				DEBUG_INFORMATION_FORMAT = "dwarf-with-dsym";
				GCC_C_LANGUAGE_STANDARD = gnu99;
				GCC_ENABLE_OBJC_EXCEPTIONS = YES;
				GCC_VERSION = com.apple.compilers.llvm.clang.1_0;
				GCC_WARN_64_TO_32_BIT_CONVERSION = YES;
				GCC_WARN_ABOUT_MISSING_PROTOTYPES = YES;
				GCC_WARN_ABOUT_RETURN_TYPE = YES;
				GCC_WARN_UNINITIALIZED_AUTOS = YES;
				GCC_WARN_UNUSED_VARIABLE = YES;
				MACOSX_DEPLOYMENT_TARGET = 10.7;
				SDKROOT = macosx;
			};
			name = Release;
		};
		B8FE650B1472686800FD11A2 /* Debug */ = {
			isa = XCBuildConfiguration;
			buildSettings = {
				LIBRARY_SEARCH_PATHS = (
					"$(inherited)",
					"\"$(SRCROOT)/../../../Binaries/osx\"",
				);
				PRODUCT_NAME = "$(TARGET_NAME)";
			};
			name = Debug;
		};
		B8FE650C1472686800FD11A2 /* Release */ = {
			isa = XCBuildConfiguration;
			buildSettings = {
				LIBRARY_SEARCH_PATHS = (
					"$(inherited)",
					"\"$(SRCROOT)/../../../Binaries/osx\"",
				);
				PRODUCT_NAME = "$(TARGET_NAME)";
			};
			name = Release;
		};
/* End XCBuildConfiguration section */

/* Begin XCConfigurationList section */
		B8FE64FA1472686800FD11A2 /* Build configuration list for PBXProject "project" */ = {
			isa = XCConfigurationList;
			buildConfigurations = (
				B8FE65081472686800FD11A2 /* Debug */,
				B8FE65091472686800FD11A2 /* Release */,
			);
			defaultConfigurationIsVisible = 0;
			defaultConfigurationName = Release;
		};
		B8FE650A1472686800FD11A2 /* Build configuration list for PBXNativeTarget "project" */ = {
			isa = XCConfigurationList;
			buildConfigurations = (
				B8FE650B1472686800FD11A2 /* Debug */,
				B8FE650C1472686800FD11A2 /* Release */,
			);
			defaultConfigurationIsVisible = 0;
			defaultConfigurationName = Release;
		};
/* End XCConfigurationList section */
	};
	rootObject = B8FE64F71472686800FD11A2 /* Project object */;
}
