<?xml version="1.0" encoding="UTF-8" standalone="yes" ?>
<CodeBlocks_project_file>
	<FileVersion major="1" minor="6" />
	<Project>
		<Option title="CodeBlocks" />
		<Option pch_mode="2" />
		<Option compiler="gcc" />
		<Option virtualFolders="YoctoLibrary\;YoctoLibrary\yapi\;" />
		<Build>
			<Target title="Debug">
				<Option output="bin/Debug/CodeBlocks" prefix_auto="1" extension_auto="1" />
				<Option object_output="obj/Debug/" />
				<Option type="1" />
				<Option compiler="gcc" />
				<Compiler>
					<Add option="-g" />
					<Add directory="../../../Sources" />
				</Compiler>
				<Linker>
					<Add library="pthread" />
					<Add library="usb-1.0" />
				</Linker>
			</Target>
			<Target title="Release">
				<Option output="bin/Release/CodeBlocks" prefix_auto="1" extension_auto="1" />
				<Option object_output="obj/Release/" />
				<Option type="1" />
				<Option compiler="gcc" />
				<Compiler>
					<Add option="-O2" />
                    <Add directory="../../../Sources" />
				</Compiler>
				<Linker>
					<Add option="-s" />
                    <Add library="pthread" />
                    <Add library="usb-1.0" />
				</Linker>
			</Target>
		</Build>
		<Compiler>
			<Add option="-Wall" />
			<Add option="-fexceptions" />
		</Compiler>
		<Unit filename="..\main.cpp" />
		<Unit filename="..\..\..\Sources\yapi\yapi.c">
			<Option compilerVar="CC" />
			<Option virtualFolder="YoctoLibrary\yapi\" />
		</Unit>
		<Unit filename="..\..\..\Sources\yapi\yapi.h">
			<Option virtualFolder="YoctoLibrary\yapi\" />
		</Unit>
		<Unit filename="..\..\..\Sources\yapi\ydef.h">
			<Option virtualFolder="YoctoLibrary\yapi\" />
		</Unit>
		<Unit filename="..\..\..\Sources\yapi\yfifo.c">
			<Option compilerVar="CC" />
			<Option virtualFolder="YoctoLibrary\yapi\" />
		</Unit>
		<Unit filename="..\..\..\Sources\yapi\yfifo.h">
			<Option virtualFolder="YoctoLibrary\yapi\" />
		</Unit>
		<Unit filename="..\..\..\Sources\yapi\yhash.c">
			<Option compilerVar="CC" />
			<Option virtualFolder="YoctoLibrary\yapi\" />
		</Unit>
		<Unit filename="..\..\..\Sources\yapi\yhash.h">
			<Option virtualFolder="YoctoLibrary\yapi\" />
		</Unit>
		<Unit filename="..\..\..\Sources\yapi\yjson.c">
			<Option compilerVar="CC" />
			<Option virtualFolder="YoctoLibrary\yapi\" />
		</Unit>
		<Unit filename="..\..\..\Sources\yapi\yjson.h">
			<Option virtualFolder="YoctoLibrary\yapi\" />
		</Unit>
		<Unit filename="..\..\..\Sources\yapi\ymemory.c">
			<Option compilerVar="CC" />
			<Option virtualFolder="YoctoLibrary\yapi\" />
		</Unit>
		<Unit filename="..\..\..\Sources\yapi\ymemory.h">
			<Option virtualFolder="YoctoLibrary\yapi\" />
		</Unit>
		<Unit filename="..\..\..\Sources\yapi\ypkt_lin.c">
			<Option compilerVar="CC" />
			<Option virtualFolder="YoctoLibrary\yapi\" />
		</Unit>
		<Unit filename="..\..\..\Sources\yapi\ypkt_osx.c">
			<Option compilerVar="CC" />
			<Option virtualFolder="YoctoLibrary\yapi\" />
		</Unit>
		<Unit filename="..\..\..\Sources\yapi\ypkt_win.c">
			<Option compilerVar="CC" />
			<Option virtualFolder="YoctoLibrary\yapi\" />
		</Unit>
		<Unit filename="..\..\..\Sources\yapi\yprog.c">
			<Option compilerVar="CC" />
			<Option virtualFolder="YoctoLibrary\yapi\" />
		</Unit>
		<Unit filename="..\..\..\Sources\yapi\yprog.h">
			<Option virtualFolder="YoctoLibrary\yapi\" />
		</Unit>
		<Unit filename="..\..\..\Sources\yapi\yproto.h">
			<Option virtualFolder="YoctoLibrary\yapi\" />
		</Unit>
		<Unit filename="..\..\..\Sources\yapi\ystream.c">
			<Option compilerVar="CC" />
			<Option virtualFolder="YoctoLibrary\yapi\" />
		</Unit>
		<Unit filename="..\..\..\Sources\yapi\ytcp.c">
			<Option compilerVar="CC" />
			<Option virtualFolder="YoctoLibrary\yapi\" />
		</Unit>
		<Unit filename="..\..\..\Sources\yapi\ytcp.h">
			<Option virtualFolder="YoctoLibrary\yapi\" />
		</Unit>
        <Unit filename="..\..\..\Sources\yapi\ykey.c">
            <Option compilerVar="CC" />
            <Option virtualFolder="YoctoLibrary\yapi\" />
        </Unit>
        <Unit filename="..\..\..\Sources\yapi\ykey.h">
            <Option virtualFolder="YoctoLibrary\yapi\" />
        </Unit>
		<Unit filename="..\..\..\Sources\yapi\ythread.c">
			<Option compilerVar="CC" />
			<Option virtualFolder="YoctoLibrary\yapi\" />
		</Unit>
		<Unit filename="..\..\..\Sources\yapi\ythread.h">
			<Option virtualFolder="YoctoLibrary\yapi\" />
		</Unit>
		<Unit filename="..\..\..\Sources\yapi\yversion.h">
			<Option virtualFolder="YoctoLibrary\yapi\" />
		</Unit>
        <Unit filename="..\..\..\Sources\yocto_api.h">
            <Option virtualFolder="YoctoLibrary\" />
        </Unit>
        <Unit filename="..\..\..\Sources\yocto_api.cpp">
            <Option virtualFolder="YoctoLibrary\" />
        </Unit>

<Unit filename="..\..\..\Sources\yocto_accelerometer.h"><Option virtualFolder="YoctoLibrary\" /></Unit>
<Unit filename="..\..\..\Sources\yocto_altitude.h"><Option virtualFolder="YoctoLibrary\" /></Unit>
<Unit filename="..\..\..\Sources\yocto_anbutton.h"><Option virtualFolder="YoctoLibrary\" /></Unit>
<Unit filename="..\..\..\Sources\yocto_arithmeticsensor.h"><Option virtualFolder="YoctoLibrary\" /></Unit>
<Unit filename="..\..\..\Sources\yocto_audioin.h"><Option virtualFolder="YoctoLibrary\" /></Unit>
<Unit filename="..\..\..\Sources\yocto_audioout.h"><Option virtualFolder="YoctoLibrary\" /></Unit>
<Unit filename="..\..\..\Sources\yocto_bluetoothlink.h"><Option virtualFolder="YoctoLibrary\" /></Unit>
<Unit filename="..\..\..\Sources\yocto_buzzer.h"><Option virtualFolder="YoctoLibrary\" /></Unit>
<Unit filename="..\..\..\Sources\yocto_carbondioxide.h"><Option virtualFolder="YoctoLibrary\" /></Unit>
<Unit filename="..\..\..\Sources\yocto_cellular.h"><Option virtualFolder="YoctoLibrary\" /></Unit>
<Unit filename="..\..\..\Sources\yocto_colorled.h"><Option virtualFolder="YoctoLibrary\" /></Unit>
<Unit filename="..\..\..\Sources\yocto_colorledcluster.h"><Option virtualFolder="YoctoLibrary\" /></Unit>
<Unit filename="..\..\..\Sources\yocto_compass.h"><Option virtualFolder="YoctoLibrary\" /></Unit>
<Unit filename="..\..\..\Sources\yocto_current.h"><Option virtualFolder="YoctoLibrary\" /></Unit>
<Unit filename="..\..\..\Sources\yocto_currentloopoutput.h"><Option virtualFolder="YoctoLibrary\" /></Unit>
<Unit filename="..\..\..\Sources\yocto_daisychain.h"><Option virtualFolder="YoctoLibrary\" /></Unit>
<Unit filename="..\..\..\Sources\yocto_digitalio.h"><Option virtualFolder="YoctoLibrary\" /></Unit>
<Unit filename="..\..\..\Sources\yocto_display.h"><Option virtualFolder="YoctoLibrary\" /></Unit>
<Unit filename="..\..\..\Sources\yocto_dualpower.h"><Option virtualFolder="YoctoLibrary\" /></Unit>
<Unit filename="..\..\..\Sources\yocto_files.h"><Option virtualFolder="YoctoLibrary\" /></Unit>
<Unit filename="..\..\..\Sources\yocto_genericsensor.h"><Option virtualFolder="YoctoLibrary\" /></Unit>
<Unit filename="..\..\..\Sources\yocto_gps.h"><Option virtualFolder="YoctoLibrary\" /></Unit>
<Unit filename="..\..\..\Sources\yocto_groundspeed.h"><Option virtualFolder="YoctoLibrary\" /></Unit>
<Unit filename="..\..\..\Sources\yocto_gyro.h"><Option virtualFolder="YoctoLibrary\" /></Unit>
<Unit filename="..\..\..\Sources\yocto_hubport.h"><Option virtualFolder="YoctoLibrary\" /></Unit>
<Unit filename="..\..\..\Sources\yocto_humidity.h"><Option virtualFolder="YoctoLibrary\" /></Unit>
<Unit filename="..\..\..\Sources\yocto_i2cport.h"><Option virtualFolder="YoctoLibrary\" /></Unit>
<Unit filename="..\..\..\Sources\yocto_latitude.h"><Option virtualFolder="YoctoLibrary\" /></Unit>
<Unit filename="..\..\..\Sources\yocto_led.h"><Option virtualFolder="YoctoLibrary\" /></Unit>
<Unit filename="..\..\..\Sources\yocto_lightsensor.h"><Option virtualFolder="YoctoLibrary\" /></Unit>
<Unit filename="..\..\..\Sources\yocto_longitude.h"><Option virtualFolder="YoctoLibrary\" /></Unit>
<Unit filename="..\..\..\Sources\yocto_magnetometer.h"><Option virtualFolder="YoctoLibrary\" /></Unit>
<Unit filename="..\..\..\Sources\yocto_messagebox.h"><Option virtualFolder="YoctoLibrary\" /></Unit>
<Unit filename="..\..\..\Sources\yocto_motor.h"><Option virtualFolder="YoctoLibrary\" /></Unit>
<Unit filename="..\..\..\Sources\yocto_multiaxiscontroller.h"><Option virtualFolder="YoctoLibrary\" /></Unit>
<Unit filename="..\..\..\Sources\yocto_multicellweighscale.h"><Option virtualFolder="YoctoLibrary\" /></Unit>
<Unit filename="..\..\..\Sources\yocto_multisenscontroller.h"><Option virtualFolder="YoctoLibrary\" /></Unit>
<Unit filename="..\..\..\Sources\yocto_network.h"><Option virtualFolder="YoctoLibrary\" /></Unit>
<Unit filename="..\..\..\Sources\yocto_oscontrol.h"><Option virtualFolder="YoctoLibrary\" /></Unit>
<Unit filename="..\..\..\Sources\yocto_power.h"><Option virtualFolder="YoctoLibrary\" /></Unit>
<Unit filename="..\..\..\Sources\yocto_poweroutput.h"><Option virtualFolder="YoctoLibrary\" /></Unit>
<Unit filename="..\..\..\Sources\yocto_powersupply.h"><Option virtualFolder="YoctoLibrary\" /></Unit>
<Unit filename="..\..\..\Sources\yocto_pressure.h"><Option virtualFolder="YoctoLibrary\" /></Unit>
<Unit filename="..\..\..\Sources\yocto_proximity.h"><Option virtualFolder="YoctoLibrary\" /></Unit>
<Unit filename="..\..\..\Sources\yocto_pwminput.h"><Option virtualFolder="YoctoLibrary\" /></Unit>
<Unit filename="..\..\..\Sources\yocto_pwmoutput.h"><Option virtualFolder="YoctoLibrary\" /></Unit>
<Unit filename="..\..\..\Sources\yocto_pwmpowersource.h"><Option virtualFolder="YoctoLibrary\" /></Unit>
<Unit filename="..\..\..\Sources\yocto_quadraturedecoder.h"><Option virtualFolder="YoctoLibrary\" /></Unit>
<Unit filename="..\..\..\Sources\yocto_rangefinder.h"><Option virtualFolder="YoctoLibrary\" /></Unit>
<Unit filename="..\..\..\Sources\yocto_realtimeclock.h"><Option virtualFolder="YoctoLibrary\" /></Unit>
<Unit filename="..\..\..\Sources\yocto_refframe.h"><Option virtualFolder="YoctoLibrary\" /></Unit>
<Unit filename="..\..\..\Sources\yocto_relay.h"><Option virtualFolder="YoctoLibrary\" /></Unit>
<Unit filename="..\..\..\Sources\yocto_segmenteddisplay.h"><Option virtualFolder="YoctoLibrary\" /></Unit>
<Unit filename="..\..\..\Sources\yocto_serialport.h"><Option virtualFolder="YoctoLibrary\" /></Unit>
<Unit filename="..\..\..\Sources\yocto_servo.h"><Option virtualFolder="YoctoLibrary\" /></Unit>
<Unit filename="..\..\..\Sources\yocto_spiport.h"><Option virtualFolder="YoctoLibrary\" /></Unit>
<Unit filename="..\..\..\Sources\yocto_steppermotor.h"><Option virtualFolder="YoctoLibrary\" /></Unit>
<Unit filename="..\..\..\Sources\yocto_temperature.h"><Option virtualFolder="YoctoLibrary\" /></Unit>
<Unit filename="..\..\..\Sources\yocto_tilt.h"><Option virtualFolder="YoctoLibrary\" /></Unit>
<Unit filename="..\..\..\Sources\yocto_tvoc.h"><Option virtualFolder="YoctoLibrary\" /></Unit>
<Unit filename="..\..\..\Sources\yocto_voc.h"><Option virtualFolder="YoctoLibrary\" /></Unit>
<Unit filename="..\..\..\Sources\yocto_voltage.h"><Option virtualFolder="YoctoLibrary\" /></Unit>
<Unit filename="..\..\..\Sources\yocto_voltageoutput.h"><Option virtualFolder="YoctoLibrary\" /></Unit>
<Unit filename="..\..\..\Sources\yocto_wakeupmonitor.h"><Option virtualFolder="YoctoLibrary\" /></Unit>
<Unit filename="..\..\..\Sources\yocto_wakeupschedule.h"><Option virtualFolder="YoctoLibrary\" /></Unit>
<Unit filename="..\..\..\Sources\yocto_watchdog.h"><Option virtualFolder="YoctoLibrary\" /></Unit>
<Unit filename="..\..\..\Sources\yocto_weighscale.h"><Option virtualFolder="YoctoLibrary\" /></Unit>
<Unit filename="..\..\..\Sources\yocto_wireless.h"><Option virtualFolder="YoctoLibrary\" /></Unit>
<Unit filename="..\..\..\Sources\yocto_datalogger.h"><Option virtualFolder="YoctoLibrary\" /></Unit>


<Unit filename="..\..\..\Sources\yocto_accelerometer.cpp"><Option virtualFolder="YoctoLibrary\" /></Unit>
<Unit filename="..\..\..\Sources\yocto_altitude.cpp"><Option virtualFolder="YoctoLibrary\" /></Unit>
<Unit filename="..\..\..\Sources\yocto_anbutton.cpp"><Option virtualFolder="YoctoLibrary\" /></Unit>
<Unit filename="..\..\..\Sources\yocto_arithmeticsensor.cpp"><Option virtualFolder="YoctoLibrary\" /></Unit>
<Unit filename="..\..\..\Sources\yocto_audioin.cpp"><Option virtualFolder="YoctoLibrary\" /></Unit>
<Unit filename="..\..\..\Sources\yocto_audioout.cpp"><Option virtualFolder="YoctoLibrary\" /></Unit>
<Unit filename="..\..\..\Sources\yocto_bluetoothlink.cpp"><Option virtualFolder="YoctoLibrary\" /></Unit>
<Unit filename="..\..\..\Sources\yocto_buzzer.cpp"><Option virtualFolder="YoctoLibrary\" /></Unit>
<Unit filename="..\..\..\Sources\yocto_carbondioxide.cpp"><Option virtualFolder="YoctoLibrary\" /></Unit>
<Unit filename="..\..\..\Sources\yocto_cellular.cpp"><Option virtualFolder="YoctoLibrary\" /></Unit>
<Unit filename="..\..\..\Sources\yocto_colorled.cpp"><Option virtualFolder="YoctoLibrary\" /></Unit>
<Unit filename="..\..\..\Sources\yocto_colorledcluster.cpp"><Option virtualFolder="YoctoLibrary\" /></Unit>
<Unit filename="..\..\..\Sources\yocto_compass.cpp"><Option virtualFolder="YoctoLibrary\" /></Unit>
<Unit filename="..\..\..\Sources\yocto_current.cpp"><Option virtualFolder="YoctoLibrary\" /></Unit>
<Unit filename="..\..\..\Sources\yocto_currentloopoutput.cpp"><Option virtualFolder="YoctoLibrary\" /></Unit>
<Unit filename="..\..\..\Sources\yocto_daisychain.cpp"><Option virtualFolder="YoctoLibrary\" /></Unit>
<Unit filename="..\..\..\Sources\yocto_digitalio.cpp"><Option virtualFolder="YoctoLibrary\" /></Unit>
<Unit filename="..\..\..\Sources\yocto_display.cpp"><Option virtualFolder="YoctoLibrary\" /></Unit>
<Unit filename="..\..\..\Sources\yocto_dualpower.cpp"><Option virtualFolder="YoctoLibrary\" /></Unit>
<Unit filename="..\..\..\Sources\yocto_files.cpp"><Option virtualFolder="YoctoLibrary\" /></Unit>
<Unit filename="..\..\..\Sources\yocto_genericsensor.cpp"><Option virtualFolder="YoctoLibrary\" /></Unit>
<Unit filename="..\..\..\Sources\yocto_gps.cpp"><Option virtualFolder="YoctoLibrary\" /></Unit>
<Unit filename="..\..\..\Sources\yocto_groundspeed.cpp"><Option virtualFolder="YoctoLibrary\" /></Unit>
<Unit filename="..\..\..\Sources\yocto_gyro.cpp"><Option virtualFolder="YoctoLibrary\" /></Unit>
<Unit filename="..\..\..\Sources\yocto_hubport.cpp"><Option virtualFolder="YoctoLibrary\" /></Unit>
<Unit filename="..\..\..\Sources\yocto_humidity.cpp"><Option virtualFolder="YoctoLibrary\" /></Unit>
<Unit filename="..\..\..\Sources\yocto_i2cport.cpp"><Option virtualFolder="YoctoLibrary\" /></Unit>
<Unit filename="..\..\..\Sources\yocto_latitude.cpp"><Option virtualFolder="YoctoLibrary\" /></Unit>
<Unit filename="..\..\..\Sources\yocto_led.cpp"><Option virtualFolder="YoctoLibrary\" /></Unit>
<Unit filename="..\..\..\Sources\yocto_lightsensor.cpp"><Option virtualFolder="YoctoLibrary\" /></Unit>
<Unit filename="..\..\..\Sources\yocto_longitude.cpp"><Option virtualFolder="YoctoLibrary\" /></Unit>
<Unit filename="..\..\..\Sources\yocto_magnetometer.cpp"><Option virtualFolder="YoctoLibrary\" /></Unit>
<Unit filename="..\..\..\Sources\yocto_messagebox.cpp"><Option virtualFolder="YoctoLibrary\" /></Unit>
<Unit filename="..\..\..\Sources\yocto_motor.cpp"><Option virtualFolder="YoctoLibrary\" /></Unit>
<Unit filename="..\..\..\Sources\yocto_multiaxiscontroller.cpp"><Option virtualFolder="YoctoLibrary\" /></Unit>
<Unit filename="..\..\..\Sources\yocto_multicellweighscale.cpp"><Option virtualFolder="YoctoLibrary\" /></Unit>
<Unit filename="..\..\..\Sources\yocto_multisenscontroller.cpp"><Option virtualFolder="YoctoLibrary\" /></Unit>
<Unit filename="..\..\..\Sources\yocto_network.cpp"><Option virtualFolder="YoctoLibrary\" /></Unit>
<Unit filename="..\..\..\Sources\yocto_oscontrol.cpp"><Option virtualFolder="YoctoLibrary\" /></Unit>
<Unit filename="..\..\..\Sources\yocto_power.cpp"><Option virtualFolder="YoctoLibrary\" /></Unit>
<Unit filename="..\..\..\Sources\yocto_poweroutput.cpp"><Option virtualFolder="YoctoLibrary\" /></Unit>
<Unit filename="..\..\..\Sources\yocto_powersupply.cpp"><Option virtualFolder="YoctoLibrary\" /></Unit>
<Unit filename="..\..\..\Sources\yocto_pressure.cpp"><Option virtualFolder="YoctoLibrary\" /></Unit>
<Unit filename="..\..\..\Sources\yocto_proximity.cpp"><Option virtualFolder="YoctoLibrary\" /></Unit>
<Unit filename="..\..\..\Sources\yocto_pwminput.cpp"><Option virtualFolder="YoctoLibrary\" /></Unit>
<Unit filename="..\..\..\Sources\yocto_pwmoutput.cpp"><Option virtualFolder="YoctoLibrary\" /></Unit>
<Unit filename="..\..\..\Sources\yocto_pwmpowersource.cpp"><Option virtualFolder="YoctoLibrary\" /></Unit>
<Unit filename="..\..\..\Sources\yocto_quadraturedecoder.cpp"><Option virtualFolder="YoctoLibrary\" /></Unit>
<Unit filename="..\..\..\Sources\yocto_rangefinder.cpp"><Option virtualFolder="YoctoLibrary\" /></Unit>
<Unit filename="..\..\..\Sources\yocto_realtimeclock.cpp"><Option virtualFolder="YoctoLibrary\" /></Unit>
<Unit filename="..\..\..\Sources\yocto_refframe.cpp"><Option virtualFolder="YoctoLibrary\" /></Unit>
<Unit filename="..\..\..\Sources\yocto_relay.cpp"><Option virtualFolder="YoctoLibrary\" /></Unit>
<Unit filename="..\..\..\Sources\yocto_segmenteddisplay.cpp"><Option virtualFolder="YoctoLibrary\" /></Unit>
<Unit filename="..\..\..\Sources\yocto_serialport.cpp"><Option virtualFolder="YoctoLibrary\" /></Unit>
<Unit filename="..\..\..\Sources\yocto_servo.cpp"><Option virtualFolder="YoctoLibrary\" /></Unit>
<Unit filename="..\..\..\Sources\yocto_spiport.cpp"><Option virtualFolder="YoctoLibrary\" /></Unit>
<Unit filename="..\..\..\Sources\yocto_steppermotor.cpp"><Option virtualFolder="YoctoLibrary\" /></Unit>
<Unit filename="..\..\..\Sources\yocto_temperature.cpp"><Option virtualFolder="YoctoLibrary\" /></Unit>
<Unit filename="..\..\..\Sources\yocto_tilt.cpp"><Option virtualFolder="YoctoLibrary\" /></Unit>
<Unit filename="..\..\..\Sources\yocto_tvoc.cpp"><Option virtualFolder="YoctoLibrary\" /></Unit>
<Unit filename="..\..\..\Sources\yocto_voc.cpp"><Option virtualFolder="YoctoLibrary\" /></Unit>
<Unit filename="..\..\..\Sources\yocto_voltage.cpp"><Option virtualFolder="YoctoLibrary\" /></Unit>
<Unit filename="..\..\..\Sources\yocto_voltageoutput.cpp"><Option virtualFolder="YoctoLibrary\" /></Unit>
<Unit filename="..\..\..\Sources\yocto_wakeupmonitor.cpp"><Option virtualFolder="YoctoLibrary\" /></Unit>
<Unit filename="..\..\..\Sources\yocto_wakeupschedule.cpp"><Option virtualFolder="YoctoLibrary\" /></Unit>
<Unit filename="..\..\..\Sources\yocto_watchdog.cpp"><Option virtualFolder="YoctoLibrary\" /></Unit>
<Unit filename="..\..\..\Sources\yocto_weighscale.cpp"><Option virtualFolder="YoctoLibrary\" /></Unit>
<Unit filename="..\..\..\Sources\yocto_wireless.cpp"><Option virtualFolder="YoctoLibrary\" /></Unit>
<Unit filename="..\..\..\Sources\yocto_datalogger.cpp"><Option virtualFolder="YoctoLibrary\" /></Unit>

        <Extensions>
            <code_completion />
            <debugger />
        </Extensions>
    </Project>
</CodeBlocks_project_file>
