<?xml version="1.0" encoding="UTF-8" standalone="yes" ?>
<CodeBlocks_project_file>
	<FileVersion major="1" minor="6" />
	<Project>
		<Option title="CodeBlocks" />
		<Option pch_mode="2" />
		<Option compiler="gcc" />
		<Option virtualFolders="YoctoLibrary\;YoctoLibrary\yapi\;" />
		<Build>
			<Target title="Debug">
				<Option output="bin/Debug/CodeBlocks" prefix_auto="1" extension_auto="1" />
				<Option object_output="obj/Debug/" />
				<Option type="1" />
				<Option compiler="gcc" />
				<Compiler>
					<Add option="-g" />
					<Add directory="../../../Sources" />
				</Compiler>
				<Linker>
					<Add library="pthread" />
					<Add library="usb-1.0" />
				</Linker>
			</Target>
			<Target title="Release">
				<Option output="bin/Release/CodeBlocks" prefix_auto="1" extension_auto="1" />
				<Option object_output="obj/Release/" />
				<Option type="1" />
				<Option compiler="gcc" />
				<Compiler>
					<Add option="-O2" />
                    <Add directory="../../../Sources" />
				</Compiler>
				<Linker>
					<Add option="-s" />
                    <Add library="pthread" />
                    <Add library="usb-1.0" />
				</Linker>
			</Target>
		</Build>
		<Compiler>
			<Add option="-Wall" />
			<Add option="-fexceptions" />
		</Compiler>
		<Unit filename="..\main.cpp" />
		<Unit filename="..\..\..\Sources\yapi\yapi.c">
			<Option compilerVar="CC" />
			<Option virtualFolder="YoctoLibrary\yapi\" />
		</Unit>
		<Unit filename="..\..\..\Sources\yapi\yapi.h">
			<Option virtualFolder="YoctoLibrary\yapi\" />
		</Unit>
		<Unit filename="..\..\..\Sources\yapi\ydef.h">
			<Option virtualFolder="YoctoLibrary\yapi\" />
		</Unit>
		<Unit filename="..\..\..\Sources\yapi\yfifo.c">
			<Option compilerVar="CC" />
			<Option virtualFolder="YoctoLibrary\yapi\" />
		</Unit>
		<Unit filename="..\..\..\Sources\yapi\yfifo.h">
			<Option virtualFolder="YoctoLibrary\yapi\" />
		</Unit>
		<Unit filename="..\..\..\Sources\yapi\yhash.c">
			<Option compilerVar="CC" />
			<Option virtualFolder="YoctoLibrary\yapi\" />
		</Unit>
		<Unit filename="..\..\..\Sources\yapi\yhash.h">
			<Option virtualFolder="YoctoLibrary\yapi\" />
		</Unit>
		<Unit filename="..\..\..\Sources\yapi\yjson.c">
			<Option compilerVar="CC" />
			<Option virtualFolder="YoctoLibrary\yapi\" />
		</Unit>
		<Unit filename="..\..\..\Sources\yapi\yjson.h">
			<Option virtualFolder="YoctoLibrary\yapi\" />
		</Unit>
		<Unit filename="..\..\..\Sources\yapi\ymemory.c">
			<Option compilerVar="CC" />
			<Option virtualFolder="YoctoLibrary\yapi\" />
		</Unit>
		<Unit filename="..\..\..\Sources\yapi\ymemory.h">
			<Option virtualFolder="YoctoLibrary\yapi\" />
		</Unit>
		<Unit filename="..\..\..\Sources\yapi\ypkt_lin.c">
			<Option compilerVar="CC" />
			<Option virtualFolder="YoctoLibrary\yapi\" />
		</Unit>
		<Unit filename="..\..\..\Sources\yapi\ypkt_osx.c">
			<Option compilerVar="CC" />
			<Option virtualFolder="YoctoLibrary\yapi\" />
		</Unit>
		<Unit filename="..\..\..\Sources\yapi\ypkt_win.c">
			<Option compilerVar="CC" />
			<Option virtualFolder="YoctoLibrary\yapi\" />
		</Unit>
		<Unit filename="..\..\..\Sources\yapi\yprog.c">
			<Option compilerVar="CC" />
			<Option virtualFolder="YoctoLibrary\yapi\" />
		</Unit>
		<Unit filename="..\..\..\Sources\yapi\yprog.h">
			<Option virtualFolder="YoctoLibrary\yapi\" />
		</Unit>
		<Unit filename="..\..\..\Sources\yapi\yproto.h">
			<Option virtualFolder="YoctoLibrary\yapi\" />
		</Unit>
		<Unit filename="..\..\..\Sources\yapi\ystream.c">
			<Option compilerVar="CC" />
			<Option virtualFolder="YoctoLibrary\yapi\" />
		</Unit>
		<Unit filename="..\..\..\Sources\yapi\ytcp.c">
			<Option compilerVar="CC" />
			<Option virtualFolder="YoctoLibrary\yapi\" />
		</Unit>
		<Unit filename="..\..\..\Sources\yapi\ytcp.h">
			<Option virtualFolder="YoctoLibrary\yapi\" />
		</Unit>
        <Unit filename="..\..\..\Sources\yapi\ykey.c">
            <Option compilerVar="CC" />
            <Option virtualFolder="YoctoLibrary\yapi\" />
        </Unit>
        <Unit filename="..\..\..\Sources\yapi\ykey.h">
            <Option virtualFolder="YoctoLibrary\yapi\" />
        </Unit>
		<Unit filename="..\..\..\Sources\yapi\ythread.c">
			<Option compilerVar="CC" />
			<Option virtualFolder="YoctoLibrary\yapi\" />
		</Unit>
		<Unit filename="..\..\..\Sources\yapi\ythread.h">
			<Option virtualFolder="YoctoLibrary\yapi\" />
		</Unit>
		<Unit filename="..\..\..\Sources\yapi\yversion.h">
			<Option virtualFolder="YoctoLibrary\yapi\" />
		</Unit>
        <Unit filename="..\..\..\Sources\yocto_api.h">
            <Option virtualFolder="YoctoLibrary\" />
        </Unit>
        <Unit filename="..\..\..\Sources\yocto_api.cpp">
            <Option virtualFolder="YoctoLibrary\" />
        </Unit>

<Unit filename="..\..\..\Sources\yocto_voltageoutput.h"><Option virtualFolder="YoctoLibrary\" /></Unit>


<Unit filename="..\..\..\Sources\yocto_voltageoutput.cpp"><Option virtualFolder="YoctoLibrary\" /></Unit>

        <Extensions>
            <code_completion />
            <debugger />
        </Extensions>
    </Project>
</CodeBlocks_project_file>
